
Microsoft Visual Studio Solution File, Format Version 12.00
# Visual Studio Version 16
VisualStudioVersion = 16.0.31424.327
MinimumVisualStudioVersion = 10.0.40219.1
Project("{FAE04EC0-301F-11D3-BF4B-00C04F79EFBC}") = "firstCoreApiProject", "firstCoreApiProject\firstCoreApiProject.csproj", "{20C7F86D-1BE3-4E57-BD97-2999109783E0}"
EndProject
Global
	GlobalSection(SolutionConfigurationPlatforms) = preSolution
		Debug|Any CPU = Debug|Any CPU
		Release|Any CPU = Release|Any CPU
	EndGlobalSection
	GlobalSection(ProjectConfigurationPlatforms) = postSolution
		{20C7F86D-1BE3-4E57-BD97-2999109783E0}.Debug|Any CPU.ActiveCfg = Debug|Any CPU
		{20C7F86D-1BE3-4E57-BD97-2999109783E0}.Debug|Any CPU.Build.0 = Debug|Any CPU
		{20C7F86D-1BE3-4E57-BD97-2999109783E0}.Release|Any CPU.ActiveCfg = Release|Any CPU
		{20C7F86D-1BE3-4E57-BD97-2999109783E0}.Release|Any CPU.Build.0 = Release|Any CPU
	EndGlobalSection
	GlobalSection(SolutionProperties) = preSolution
		HideSolutionNode = FALSE
	EndGlobalSection
	GlobalSection(ExtensibilityGlobals) = postSolution
		SolutionGuid = {664E1D47-C052-47FD-ACE4-64D24A25E6F5}
	EndGlobalSection
EndGlobal
