
Microsoft Visual Studio Solution File, Format Version 12.00
# Visual Studio Version 16
VisualStudioVersion = 16.0.31410.357
MinimumVisualStudioVersion = 10.0.40219.1
Project("{FAE04EC0-301F-11D3-BF4B-00C04F79EFBC}") = "firstCoreProject", "firstCoreProject\firstCoreProject.csproj", "{A30F29EF-C0EB-4B8B-9629-6FEF819DDFDF}"
EndProject
Global
	GlobalSection(SolutionConfigurationPlatforms) = preSolution
		Debug|Any CPU = Debug|Any CPU
		Release|Any CPU = Release|Any CPU
	EndGlobalSection
	GlobalSection(ProjectConfigurationPlatforms) = postSolution
		{A30F29EF-C0EB-4B8B-9629-6FEF819DDFDF}.Debug|Any CPU.ActiveCfg = Debug|Any CPU
		{A30F29EF-C0EB-4B8B-9629-6FEF819DDFDF}.Debug|Any CPU.Build.0 = Debug|Any CPU
		{A30F29EF-C0EB-4B8B-9629-6FEF819DDFDF}.Release|Any CPU.ActiveCfg = Release|Any CPU
		{A30F29EF-C0EB-4B8B-9629-6FEF819DDFDF}.Release|Any CPU.Build.0 = Release|Any CPU
	EndGlobalSection
	GlobalSection(SolutionProperties) = preSolution
		HideSolutionNode = FALSE
	EndGlobalSection
	GlobalSection(ExtensibilityGlobals) = postSolution
		SolutionGuid = {59633BD6-78F0-4ADA-81CF-072A05B2D3C0}
	EndGlobalSection
EndGlobal
